	<Project xmlns="http://schemas.microsoft.com/developer/msbuild/2003">
		<PropertyGroup>
			<ProjectGuid>{7CADC0FD-2C01-4916-B437-46C5A3B772AD}</ProjectGuid>
			<MainSource>RestFront.dpr</MainSource>
			<Base>True</Base>
			<Config Condition="'$(Config)'==''">Debug</Config>
			<Platform>Win32</Platform>
			<AppType>Application</AppType>
			<FrameworkType>VCL</FrameworkType>
			<DCC_DCCCompiler>DCC32</DCC_DCCCompiler>
			<ProjectVersion>12.2</ProjectVersion>
		</PropertyGroup>
		<PropertyGroup Condition="'$(Config)'=='Base' or '$(Base)'!=''">
			<Base>true</Base>
		</PropertyGroup>
		<PropertyGroup Condition="'$(Config)'=='Release' or '$(Cfg_1)'!=''">
			<Cfg_1>true</Cfg_1>
			<CfgParent>Base</CfgParent>
			<Base>true</Base>
		</PropertyGroup>
		<PropertyGroup Condition="'$(Config)'=='Debug' or '$(Cfg_2)'!=''">
			<Cfg_2>true</Cfg_2>
			<CfgParent>Base</CfgParent>
			<Base>true</Base>
		</PropertyGroup>
		<PropertyGroup Condition="'$(Base)'!=''">
			<DCC_DependencyCheckOutputName>..\DCU\RestFront.exe</DCC_DependencyCheckOutputName>
			<DCC_ImageBase>00400000</DCC_ImageBase>
			<DCC_UnitSearchPath>D:\Front\Source;D:\Front\Source\Spark617;D:\Front\Source\Components\kbmMemTable\Source;D:\Front\Source\Components\EhLib\Common;D:\Front\Source\Components\FastReport 4\Source;D:\Front\Source\Components\FastReport 4\FastScript;D:\Front\Source\Components\FastReport 4\Source\ExportPack;D:\Front\Source\TMS;$(DELPHI)\Lib\Debug;D:\Front\Source\jcl\source\windows;D:\Front\Source\jcl\source;D:\Front\Source\jcl\source\vcl;D:\Front\Source\jcl\source\common;D:\Front\Source\Components\FastReport 4\Source\IBX;D:\Front\Source\FastMM;D:\Front\Source\Common;D:\Front\Source\Display;D:\Front\Source\Merc;D:\Front\Source\Shtrih;D:\Front\Source\jcl\source\include;D:\Front\Source\IBX;$(DCC_UnitSearchPath)</DCC_UnitSearchPath>
			<DCC_UsePackage>vcl;rtl;vclx;indy;inet;xmlrtl;vclie;inetdbbde;inetdbxpress;dbrtl;dsnap;dsnapcon;vcldb;soaprtl;VclSmp;dbexpress;dbxcds;inetdb;bdertl;vcldbx;webdsnap;websnap;adortl;ibxpress;teeui;teedb;tee;dss;visualclx;visualdbclx;vclactnband;vclshlctrls;IntrawebDB_50_70;Intraweb_50_70;Rave50CLX;Rave50VCL;dclOfficeXP;kbmMemD7Run;TMSD7;tmsexd7</DCC_UsePackage>
			<DCC_MapFile>3</DCC_MapFile>
			<DCC_ExeOutput>D:\Front\DCU</DCC_ExeOutput>
			<DCC_UnitAlias>WinTypes=Windows;WinProcs=Windows;DbiTypes=BDE;DbiProcs=BDE;DbiErrs=BDE;WinTypes=Windows;WinProcs=Windows;$(DCC_UnitAlias)</DCC_UnitAlias>
			<DCC_BplOutput>D:\Front\DCU</DCC_BplOutput>
			<DCC_Define>TMSUXTHEME;EUREKALOG;EUREKALOG_VER6;$(DCC_Define)</DCC_Define>
			<DCC_Optimize>false</DCC_Optimize>
			<DCC_N>true</DCC_N>
			<DCC_K>false</DCC_K>
			<DCC_DcpOutput>D:\Front\DCU</DCC_DcpOutput>
			<DCC_S>false</DCC_S>
			<DCC_F>false</DCC_F>
			<DCC_SymbolReferenceInfo>1</DCC_SymbolReferenceInfo>
			<DCC_GenerateStackFrames>true</DCC_GenerateStackFrames>
			<DCC_E>false</DCC_E>
			<DCC_DcuOutput>D:\Front\DCU</DCC_DcuOutput>
		</PropertyGroup>
		<PropertyGroup Condition="'$(Cfg_1)'!=''">
			<DCC_LocalDebugSymbols>false</DCC_LocalDebugSymbols>
			<DCC_Define>RELEASE;$(DCC_Define)</DCC_Define>
			<DCC_SymbolReferenceInfo>0</DCC_SymbolReferenceInfo>
			<DCC_DebugInformation>false</DCC_DebugInformation>
		</PropertyGroup>
		<PropertyGroup Condition="'$(Cfg_2)'!=''">
			<DCC_Define>DEBUG;$(DCC_Define)</DCC_Define>
		</PropertyGroup>
		<ItemGroup>
			<DelphiCompile Include="RestFront.dpr">
				<MainSource>MainSource</MainSource>
			</DelphiCompile>
			<DCCReference Include="MainForm.pas">
				<Form>RestMainForm</Form>
			</DCCReference>
			<DCCReference Include="GuestForm_unit.pas">
				<Form>GuestForm</Form>
			</DCCReference>
			<DCCReference Include="DeleteOrderLine_unit.pas">
				<Form>DeleteOrderLine</Form>
			</DCCReference>
			<DCCReference Include="OrderNumber_Unit.pas">
				<Form>OrderNumber</Form>
			</DCCReference>
			<DCCReference Include="Report_Unit.pas"/>
			<DCCReference Include="Display\Base_Display_unit.pas"/>
			<DCCReference Include="Modification_Unit.pas">
				<Form>ModificationForm</Form>
			</DCCReference>
			<DCCReference Include="DevideForm_Unit.pas">
				<Form>DevideForm</Form>
			</DCCReference>
			<DCCReference Include="SellParamForm_Unit.pas">
				<Form>SellParamForm</Form>
			</DCCReference>
			<DCCReference Include="PayForm_Unit.pas">
				<Form>PayForm</Form>
			</DCCReference>
			<DCCReference Include="SplitOrderForm_Unit.pas">
				<Form>SplitOrder</Form>
			</DCCReference>
			<DCCReference Include="PercOrCardForm_Unit.pas">
				<Form>PercOrCard</Form>
			</DCCReference>
			<DCCReference Include="DiscountTypeForm_Unit.pas">
				<Form>DiscountType</Form>
			</DCCReference>
			<DCCReference Include="ChooseDiscountCardForm_Unit.pas">
				<Form>ChooseDiscountCard</Form>
			</DCCReference>
			<DCCReference Include="FrontData_Unit.pas">
				<Form>FrontData</Form>
				<DesignClass>TDataModule</DesignClass>
			</DCCReference>
			<DCCReference Include="EditReportForm_Unit.pas">
				<Form>EditReport</Form>
			</DCCReference>
			<DCCReference Include="FrontLog_Unit.pas"/>
			<DCCReference Include="FrontApplicationEventsHandler_Unit.pas"/>
			<DCCReference Include="Base_FiscalRegister_unit.pas"/>
			<DCCReference Include="FiscalRegister_Unit.pas"/>
			<DCCReference Include="Merc\MercFP_Unit.pas"/>
			<DCCReference Include="CashForm_Unit.pas">
				<Form>CashForm</Form>
			</DCCReference>
			<DCCReference Include="BaseFrontForm_Unit.pas">
				<Form>BaseFrontForm</Form>
			</DCCReference>
			<DCCReference Include="CardCodeForm_Unit.pas">
				<Form>CardCode</Form>
			</DCCReference>
			<DCCReference Include="Shtrih\ShtrihFR_Unit.pas"/>
			<DCCReference Include="RKCardCodeForm_Unit.pas">
				<Form>RKCardCode</Form>
			</DCCReference>
			<DCCReference Include="AddUserForm_unit.pas">
				<Form>AddUserForm</Form>
			</DCCReference>
			<BuildConfiguration Include="Base">
				<Key>Base</Key>
			</BuildConfiguration>
			<BuildConfiguration Include="Debug">
				<Key>Cfg_2</Key>
				<CfgParent>Base</CfgParent>
			</BuildConfiguration>
			<BuildConfiguration Include="Release">
				<Key>Cfg_1</Key>
				<CfgParent>Base</CfgParent>
			</BuildConfiguration>
		</ItemGroup>
		<Import Project="$(BDS)\Bin\CodeGear.Delphi.Targets" Condition="Exists('$(BDS)\Bin\CodeGear.Delphi.Targets')"/>
		<ProjectExtensions>
			<Borland.Personality>Delphi.Personality.12</Borland.Personality>
			<Borland.ProjectType>VCLApplication</Borland.ProjectType>
			<BorlandProject>
				<Delphi.Personality>
					<Source>
						<Source Name="MainSource">RestFront.dpr</Source>
					</Source>
					<Parameters>
						<Parameters Name="RunParams">/SN localhost:D:\Front\DISPLAY.FDB /USER SYSDBA /PASSWORD masterkey</Parameters>
						<Parameters Name="UseLauncher">False</Parameters>
						<Parameters Name="LoadAllSymbols">True</Parameters>
						<Parameters Name="LoadUnspecifiedSymbols">False</Parameters>
					</Parameters>
					<VersionInfo>
						<VersionInfo Name="IncludeVerInfo">True</VersionInfo>
						<VersionInfo Name="AutoIncBuild">False</VersionInfo>
						<VersionInfo Name="MajorVer">0</VersionInfo>
						<VersionInfo Name="MinorVer">0</VersionInfo>
						<VersionInfo Name="Release">0</VersionInfo>
						<VersionInfo Name="Build">1</VersionInfo>
						<VersionInfo Name="Debug">False</VersionInfo>
						<VersionInfo Name="PreRelease">False</VersionInfo>
						<VersionInfo Name="Special">False</VersionInfo>
						<VersionInfo Name="Private">False</VersionInfo>
						<VersionInfo Name="DLL">False</VersionInfo>
						<VersionInfo Name="Locale">1049</VersionInfo>
						<VersionInfo Name="CodePage">1251</VersionInfo>
					</VersionInfo>
					<VersionInfoKeys>
						<VersionInfoKeys Name="CompanyName"/>
						<VersionInfoKeys Name="FileDescription"/>
						<VersionInfoKeys Name="FileVersion">0.0.0.1</VersionInfoKeys>
						<VersionInfoKeys Name="InternalName"/>
						<VersionInfoKeys Name="LegalCopyright"/>
						<VersionInfoKeys Name="LegalTrademarks"/>
						<VersionInfoKeys Name="OriginalFilename"/>
						<VersionInfoKeys Name="ProductName"/>
						<VersionInfoKeys Name="ProductVersion">1.0.0.0</VersionInfoKeys>
						<VersionInfoKeys Name="Comments"/>
					</VersionInfoKeys>
					<Excluded_Packages>
						<Excluded_Packages Name="$(BDS)\bin\dcloffice2k140.bpl">Microsoft Office 2000 Sample Automation Server Wrapper Components</Excluded_Packages>
						<Excluded_Packages Name="$(BDS)\bin\dclofficexp140.bpl">Microsoft Office XP Sample Automation Server Wrapper Components</Excluded_Packages>
					</Excluded_Packages>
				</Delphi.Personality>
				<Platforms>
					<Platform value="Win32">True</Platform>
				</Platforms>
				<ModelSupport>False</ModelSupport>
			</BorlandProject>
			<ProjectFileVersion>12</ProjectFileVersion>
		</ProjectExtensions>
	</Project>
